{
  "requires": true,
  "lockfileVersion": 1,
  "dependencies": {
    "timesli": {
      "version": "1.0.0",
      "resolved": "https://registry.npmjs.org/timesli/-/timesli-1.0.0.tgz",
      "integrity": "sha512-yCW1kERab0AFgzwbtICvRE8OLneF+mSLiihkML2rFT+05K8o6qKMbRLab/38dpJHD4iZNY0IDucxa4J0dCDu1w=="
    }
  }
}
